[ "hackney": {:git, "git://github.com/benoitc/hackney.git", "ee982af5a15b58714761988630105dd92ebbbcab", []},
  "hackney_lib": {:git, "https://github.com/benoitc/hackney_lib.git", "eecdb481f1d38bfb194896bffdf9bdcdd967ae96", [tag: "0.2.2"]},
  "jsx": {:git, "git://github.com/talentdeficit/jsx.git", "9cb8703beecaf4c39e3dbfa293c747a0e7aa6450", []},
  "mimetypes": {:git, "git://github.com/spawngrid/mimetypes.git", "47d37a977a7d633199822bf6b08353007483d00f", [ref: "master"]} ]
